
Microsoft Visual Studio Solution File, Format Version 12.00
# Visual Studio Version 17
VisualStudioVersion = 17.5.33424.131
MinimumVisualStudioVersion = 10.0.40219.1
Project("{9A19103F-16F7-4668-BE54-9A1E7A4F7556}") = "Apps.Marketo", "Apps.Marketo\Apps.Marketo.csproj", "{340E04D6-127D-4F92-8028-285AACEED44B}"
EndProject
Project("{FAE04EC0-301F-11D3-BF4B-00C04F79EFBC}") = "Test", "Test\Test.csproj", "{9D13E23B-8D83-47B4-B380-84F003FC8A84}"
EndProject
Global
	GlobalSection(SolutionConfigurationPlatforms) = preSolution
		Debug|Any CPU = Debug|Any CPU
		Release|Any CPU = Release|Any CPU
	EndGlobalSection
	GlobalSection(ProjectConfigurationPlatforms) = postSolution
		{340E04D6-127D-4F92-8028-285AACEED44B}.Debug|Any CPU.ActiveCfg = Debug|Any CPU
		{340E04D6-127D-4F92-8028-285AACEED44B}.Debug|Any CPU.Build.0 = Debug|Any CPU
		{340E04D6-127D-4F92-8028-285AACEED44B}.Release|Any CPU.ActiveCfg = Release|Any CPU
		{340E04D6-127D-4F92-8028-285AACEED44B}.Release|Any CPU.Build.0 = Release|Any CPU
		{9D13E23B-8D83-47B4-B380-84F003FC8A84}.Debug|Any CPU.ActiveCfg = Debug|Any CPU
		{9D13E23B-8D83-47B4-B380-84F003FC8A84}.Debug|Any CPU.Build.0 = Debug|Any CPU
		{9D13E23B-8D83-47B4-B380-84F003FC8A84}.Release|Any CPU.ActiveCfg = Release|Any CPU
		{9D13E23B-8D83-47B4-B380-84F003FC8A84}.Release|Any CPU.Build.0 = Release|Any CPU
	EndGlobalSection
	GlobalSection(SolutionProperties) = preSolution
		HideSolutionNode = FALSE
	EndGlobalSection
	GlobalSection(ExtensibilityGlobals) = postSolution
		SolutionGuid = {710D8496-0F46-463A-BEE7-E5F3FF7EACB7}
	EndGlobalSection
EndGlobal
